
Microsoft Visual Studio Solution File, Format Version 12.00
# Visual Studio Version 17
VisualStudioVersion = 17.0.31903.59
MinimumVisualStudioVersion = 10.0.40219.1
Project("{9A19103F-16F7-4668-BE54-9A1E7A4F7556}") = "ComplyRight.Hiring", "ComplyRight.Hiring.csproj", "{7A96036A-EB59-4809-BD05-C2BD3209D2EB}"
EndProject
Global
	GlobalSection(SolutionConfigurationPlatforms) = preSolution
		Debug|Any CPU = Debug|Any CPU
		Release|Any CPU = Release|Any CPU
	EndGlobalSection
	GlobalSection(ProjectConfigurationPlatforms) = postSolution
		{7A96036A-EB59-4809-BD05-C2BD3209D2EB}.Debug|Any CPU.ActiveCfg = Debug|Any CPU
		{7A96036A-EB59-4809-BD05-C2BD3209D2EB}.Debug|Any CPU.Build.0 = Debug|Any CPU
		{7A96036A-EB59-4809-BD05-C2BD3209D2EB}.Release|Any CPU.ActiveCfg = Release|Any CPU
		{7A96036A-EB59-4809-BD05-C2BD3209D2EB}.Release|Any CPU.Build.0 = Release|Any CPU
	EndGlobalSection
	GlobalSection(SolutionProperties) = preSolution
		HideSolutionNode = FALSE
	EndGlobalSection
	GlobalSection(ExtensibilityGlobals) = postSolution
		SolutionGuid = {B43CCD44-831D-4A3F-BAD9-4E3E862F8278}
	EndGlobalSection
EndGlobal
